
Microsoft Visual Studio Solution File, Format Version 12.00
# Visual Studio Version 17
VisualStudioVersion = 17.5.002.0
MinimumVisualStudioVersion = 10.0.40219.1
Project("{9A19103F-16F7-4668-BE54-9A1E7A4F7556}") = "Pong", "Pong\Pong.csproj", "{C5DECBC8-F8CB-48B5-BFB5-22E3D7412265}"
EndProject
Global
	GlobalSection(SolutionConfigurationPlatforms) = preSolution
		Debug|Any CPU = Debug|Any CPU
		Release|Any CPU = Release|Any CPU
	EndGlobalSection
	GlobalSection(ProjectConfigurationPlatforms) = postSolution
		{C5DECBC8-F8CB-48B5-BFB5-22E3D7412265}.Debug|Any CPU.ActiveCfg = Debug|Any CPU
		{C5DECBC8-F8CB-48B5-BFB5-22E3D7412265}.Debug|Any CPU.Build.0 = Debug|Any CPU
		{C5DECBC8-F8CB-48B5-BFB5-22E3D7412265}.Release|Any CPU.ActiveCfg = Release|Any CPU
		{C5DECBC8-F8CB-48B5-BFB5-22E3D7412265}.Release|Any CPU.Build.0 = Release|Any CPU
	EndGlobalSection
	GlobalSection(SolutionProperties) = preSolution
		HideSolutionNode = FALSE
	EndGlobalSection
	GlobalSection(ExtensibilityGlobals) = postSolution
		SolutionGuid = {3DE3B8DC-C3D0-4067-B901-94165A861D40}
	EndGlobalSection
EndGlobal
